
Microsoft Visual Studio Solution File, Format Version 12.00
# Visual Studio Version 17
VisualStudioVersion = 17.5.33627.172
MinimumVisualStudioVersion = 10.0.40219.1
Project("{FAE04EC0-301F-11D3-BF4B-00C04F79EFBC}") = "TrackerLibrary", "TrackerLibrary\TrackerLibrary.csproj", "{DA2E025F-E9E5-48B1-B50F-970BE4A8FF39}"
EndProject
Project("{FAE04EC0-301F-11D3-BF4B-00C04F79EFBC}") = "TrackerUI", "TrackerUI\TrackerUI.csproj", "{4509F84A-43CD-4C67-B72E-9F18F8854847}"
EndProject
Global
	GlobalSection(SolutionConfigurationPlatforms) = preSolution
		Debug|Any CPU = Debug|Any CPU
		Release|Any CPU = Release|Any CPU
	EndGlobalSection
	GlobalSection(ProjectConfigurationPlatforms) = postSolution
		{DA2E025F-E9E5-48B1-B50F-970BE4A8FF39}.Debug|Any CPU.ActiveCfg = Debug|Any CPU
		{DA2E025F-E9E5-48B1-B50F-970BE4A8FF39}.Debug|Any CPU.Build.0 = Debug|Any CPU
		{DA2E025F-E9E5-48B1-B50F-970BE4A8FF39}.Release|Any CPU.ActiveCfg = Release|Any CPU
		{DA2E025F-E9E5-48B1-B50F-970BE4A8FF39}.Release|Any CPU.Build.0 = Release|Any CPU
		{4509F84A-43CD-4C67-B72E-9F18F8854847}.Debug|Any CPU.ActiveCfg = Debug|Any CPU
		{4509F84A-43CD-4C67-B72E-9F18F8854847}.Debug|Any CPU.Build.0 = Debug|Any CPU
		{4509F84A-43CD-4C67-B72E-9F18F8854847}.Release|Any CPU.ActiveCfg = Release|Any CPU
		{4509F84A-43CD-4C67-B72E-9F18F8854847}.Release|Any CPU.Build.0 = Release|Any CPU
	EndGlobalSection
	GlobalSection(SolutionProperties) = preSolution
		HideSolutionNode = FALSE
	EndGlobalSection
	GlobalSection(ExtensibilityGlobals) = postSolution
		SolutionGuid = {96E85AC9-9236-40CB-862B-09BB490B5601}
	EndGlobalSection
EndGlobal
